
Microsoft Visual Studio Solution File, Format Version 12.00
# Visual Studio Version 17
VisualStudioVersion = 17.3.32819.101
MinimumVisualStudioVersion = 10.0.40219.1
Project("{FAE04EC0-301F-11D3-BF4B-00C04F79EFBC}") = "smARTsoftware.SomfyRts", "smARTsoftware.SomfyRts\smARTsoftware.SomfyRts.csproj", "{D29FD9D5-8791-472E-A72E-DFFBBE2102DF}"
EndProject
Project("{FAE04EC0-301F-11D3-BF4B-00C04F79EFBC}") = "smARTsoftware.SomfyRts.Lib", "smARTsoftware.SomfyRts.Lib\smARTsoftware.SomfyRts.Lib.csproj", "{1E405A16-FF1B-4AD5-8A18-0D063F1905BE}"
EndProject
Project("{FAE04EC0-301F-11D3-BF4B-00C04F79EFBC}") = "smARTsoftware.SomfyRts.Server", "smARTsoftware.SomfyRts.Server\smARTsoftware.SomfyRts.Server.csproj", "{2C94D6B9-39C9-43A0-810A-45BAFA9E6535}"
EndProject
Global
	GlobalSection(SolutionConfigurationPlatforms) = preSolution
		Debug|Any CPU = Debug|Any CPU
		Release|Any CPU = Release|Any CPU
	EndGlobalSection
	GlobalSection(ProjectConfigurationPlatforms) = postSolution
		{D29FD9D5-8791-472E-A72E-DFFBBE2102DF}.Debug|Any CPU.ActiveCfg = Debug|Any CPU
		{D29FD9D5-8791-472E-A72E-DFFBBE2102DF}.Debug|Any CPU.Build.0 = Debug|Any CPU
		{D29FD9D5-8791-472E-A72E-DFFBBE2102DF}.Release|Any CPU.ActiveCfg = Release|Any CPU
		{D29FD9D5-8791-472E-A72E-DFFBBE2102DF}.Release|Any CPU.Build.0 = Release|Any CPU
		{1E405A16-FF1B-4AD5-8A18-0D063F1905BE}.Debug|Any CPU.ActiveCfg = Debug|Any CPU
		{1E405A16-FF1B-4AD5-8A18-0D063F1905BE}.Debug|Any CPU.Build.0 = Debug|Any CPU
		{1E405A16-FF1B-4AD5-8A18-0D063F1905BE}.Release|Any CPU.ActiveCfg = Release|Any CPU
		{1E405A16-FF1B-4AD5-8A18-0D063F1905BE}.Release|Any CPU.Build.0 = Release|Any CPU
		{2C94D6B9-39C9-43A0-810A-45BAFA9E6535}.Debug|Any CPU.ActiveCfg = Debug|Any CPU
		{2C94D6B9-39C9-43A0-810A-45BAFA9E6535}.Debug|Any CPU.Build.0 = Debug|Any CPU
		{2C94D6B9-39C9-43A0-810A-45BAFA9E6535}.Release|Any CPU.ActiveCfg = Release|Any CPU
		{2C94D6B9-39C9-43A0-810A-45BAFA9E6535}.Release|Any CPU.Build.0 = Release|Any CPU
	EndGlobalSection
	GlobalSection(SolutionProperties) = preSolution
		HideSolutionNode = FALSE
	EndGlobalSection
	GlobalSection(ExtensibilityGlobals) = postSolution
		SolutionGuid = {2521678D-C84C-4851-AD68-949C0948C9FD}
	EndGlobalSection
EndGlobal
