
Microsoft Visual Studio Solution File, Format Version 12.00
# Visual Studio Version 16
VisualStudioVersion = 16.0.30309.148
MinimumVisualStudioVersion = 10.0.40219.1
Project("{FAE04EC0-301F-11D3-BF4B-00C04F79EFBC}") = "smARTsoftware.SomfyRts", "smARTsoftware.SomfyRts\smARTsoftware.SomfyRts.csproj", "{B41ACDEC-A336-4E33-ACE8-C3F3B1C934A9}"
EndProject
Project("{FAE04EC0-301F-11D3-BF4B-00C04F79EFBC}") = "smARTsoftware.SomfyRtsLib", "smARTsoftware.SomfyRtsLib\smARTsoftware.SomfyRtsLib.csproj", "{4DF169C0-351E-4C0C-A4F2-DFD03F3CB4C3}"
EndProject
Global
	GlobalSection(SolutionConfigurationPlatforms) = preSolution
		Debug|Any CPU = Debug|Any CPU
		Release|Any CPU = Release|Any CPU
	EndGlobalSection
	GlobalSection(ProjectConfigurationPlatforms) = postSolution
		{B41ACDEC-A336-4E33-ACE8-C3F3B1C934A9}.Debug|Any CPU.ActiveCfg = Debug|Any CPU
		{B41ACDEC-A336-4E33-ACE8-C3F3B1C934A9}.Debug|Any CPU.Build.0 = Debug|Any CPU
		{B41ACDEC-A336-4E33-ACE8-C3F3B1C934A9}.Release|Any CPU.ActiveCfg = Release|Any CPU
		{B41ACDEC-A336-4E33-ACE8-C3F3B1C934A9}.Release|Any CPU.Build.0 = Release|Any CPU
		{4DF169C0-351E-4C0C-A4F2-DFD03F3CB4C3}.Debug|Any CPU.ActiveCfg = Debug|Any CPU
		{4DF169C0-351E-4C0C-A4F2-DFD03F3CB4C3}.Debug|Any CPU.Build.0 = Debug|Any CPU
		{4DF169C0-351E-4C0C-A4F2-DFD03F3CB4C3}.Release|Any CPU.ActiveCfg = Release|Any CPU
		{4DF169C0-351E-4C0C-A4F2-DFD03F3CB4C3}.Release|Any CPU.Build.0 = Release|Any CPU
	EndGlobalSection
	GlobalSection(SolutionProperties) = preSolution
		HideSolutionNode = FALSE
	EndGlobalSection
	GlobalSection(ExtensibilityGlobals) = postSolution
		SolutionGuid = {2521678D-C84C-4851-AD68-949C0948C9FD}
	EndGlobalSection
EndGlobal
